
Microsoft Visual Studio Solution File, Format Version 12.00
# Visual Studio Version 17
VisualStudioVersion = 17.5.002.0
MinimumVisualStudioVersion = 10.0.40219.1
Project("{9A19103F-16F7-4668-BE54-9A1E7A4F7556}") = "ApplicationSecretKeys", "ApplicationSecretKeys.csproj", "{B3E48BC1-1FD7-46B0-8E40-51E3BEE5FD38}"
EndProject
Global
	GlobalSection(SolutionConfigurationPlatforms) = preSolution
		Debug|Any CPU = Debug|Any CPU
		Release|Any CPU = Release|Any CPU
	EndGlobalSection
	GlobalSection(ProjectConfigurationPlatforms) = postSolution
		{B3E48BC1-1FD7-46B0-8E40-51E3BEE5FD38}.Debug|Any CPU.ActiveCfg = Debug|Any CPU
		{B3E48BC1-1FD7-46B0-8E40-51E3BEE5FD38}.Debug|Any CPU.Build.0 = Debug|Any CPU
		{B3E48BC1-1FD7-46B0-8E40-51E3BEE5FD38}.Release|Any CPU.ActiveCfg = Release|Any CPU
		{B3E48BC1-1FD7-46B0-8E40-51E3BEE5FD38}.Release|Any CPU.Build.0 = Release|Any CPU
	EndGlobalSection
	GlobalSection(SolutionProperties) = preSolution
		HideSolutionNode = FALSE
	EndGlobalSection
	GlobalSection(ExtensibilityGlobals) = postSolution
		SolutionGuid = {721B943B-8D30-4631-BD6B-7ED8B0BA8BC1}
	EndGlobalSection
EndGlobal
